<?xml version="1.0" encoding="utf-8"?>
<Project ToolsVersion="4.0" xmlns="http://schemas.microsoft.com/developer/msbuild/2003">
  <ItemGroup>
    <ClCompile Include="..\..\ExEngine\gameObject\Gameobjectmanager.cpp">
      <Filter>ExEngine\gameObject</Filter>
    </ClCompile>
    <ClCompile Include="..\..\ExEngine\gameObject\IGameObject.cpp">
      <Filter>ExEngine\gameObject</Filter>
    </ClCompile>
    <ClCompile Include="..\..\ExEngine\physics\CapsuleCollider.cpp">
      <Filter>ExEngine\physics</Filter>
    </ClCompile>
    <ClCompile Include="..\..\ExEngine\physics\CharacterController.cpp">
      <Filter>ExEngine\physics</Filter>
    </ClCompile>
    <ClCompile Include="..\..\ExEngine\physics\MeshCollider.cpp">
      <Filter>ExEngine\physics</Filter>
    </ClCompile>
    <ClCompile Include="..\..\ExEngine\physics\Physics.cpp">
      <Filter>ExEngine\physics</Filter>
    </ClCompile>
    <ClCompile Include="..\..\ExEngine\physics\PhysicsStaticObject.cpp">
      <Filter>ExEngine\physics</Filter>
    </ClCompile>
    <ClCompile Include="..\..\ExEngine\physics\RigidBody.cpp">
      <Filter>ExEngine\physics</Filter>
    </ClCompile>
    <ClCompile Include="..\..\MiniEngine\HID\GamePad.cpp">
      <Filter>MiniEngine\HID</Filter>
    </ClCompile>
    <ClCompile Include="..\..\MiniEngine\math\Matrix.cpp">
      <Filter>MiniEngine\math</Filter>
    </ClCompile>
    <ClCompile Include="..\..\MiniEngine\math\Vector.cpp">
      <Filter>MiniEngine\math</Filter>
    </ClCompile>
    <ClCompile Include="..\..\MiniEngine\tkFile\TkaFile.cpp">
      <Filter>MiniEngine\tkFile</Filter>
    </ClCompile>
    <ClCompile Include="..\..\MiniEngine\tkFile\TkmFile.cpp">
      <Filter>MiniEngine\tkFile</Filter>
    </ClCompile>
    <ClCompile Include="..\..\MiniEngine\tkFile\TksFile.cpp">
      <Filter>MiniEngine\tkFile</Filter>
    </ClCompile>
    <ClCompile Include="..\..\MiniEngine\raytracing\BLASBuffer.cpp">
      <Filter>MiniEngine\raytracing</Filter>
    </ClCompile>
    <ClCompile Include="..\..\MiniEngine\raytracing\RaytracingDescriptorHeaps.cpp">
      <Filter>MiniEngine\raytracing</Filter>
    </ClCompile>
    <ClCompile Include="..\..\MiniEngine\raytracing\RaytracingEngine.cpp">
      <Filter>MiniEngine\raytracing</Filter>
    </ClCompile>
    <ClCompile Include="..\..\MiniEngine\raytracing\RaytracingInstance.cpp">
      <Filter>MiniEngine\raytracing</Filter>
    </ClCompile>
    <ClCompile Include="..\..\MiniEngine\raytracing\RaytracingPSO.cpp">
      <Filter>MiniEngine\raytracing</Filter>
    </ClCompile>
    <ClCompile Include="..\..\MiniEngine\raytracing\RaytracingShaderTable.cpp">
      <Filter>MiniEngine\raytracing</Filter>
    </ClCompile>
    <ClCompile Include="..\..\MiniEngine\raytracing\RaytracingWorld.cpp">
      <Filter>MiniEngine\raytracing</Filter>
    </ClCompile>
    <ClCompile Include="..\..\MiniEngine\raytracing\TLASBuffer.cpp">
      <Filter>MiniEngine\raytracing</Filter>
    </ClCompile>
    <ClCompile Include="..\..\MiniEngine\Animation.cpp">
      <Filter>MiniEngine</Filter>
    </ClCompile>
    <ClCompile Include="..\..\MiniEngine\AnimationClip.cpp">
      <Filter>MiniEngine</Filter>
    </ClCompile>
    <ClCompile Include="..\..\MiniEngine\AnimationPlayController.cpp">
      <Filter>MiniEngine</Filter>
    </ClCompile>
    <ClCompile Include="..\..\MiniEngine\Camera.cpp">
      <Filter>MiniEngine</Filter>
    </ClCompile>
    <ClCompile Include="..\..\MiniEngine\ConstantBuffer.cpp">
      <Filter>MiniEngine</Filter>
    </ClCompile>
    <ClCompile Include="..\..\MiniEngine\DescriptorHeap.cpp">
      <Filter>MiniEngine</Filter>
    </ClCompile>
    <ClCompile Include="..\..\MiniEngine\GPUBuffer.cpp">
      <Filter>MiniEngine</Filter>
    </ClCompile>
    <ClCompile Include="..\..\MiniEngine\GraphicsEngine.cpp">
      <Filter>MiniEngine</Filter>
    </ClCompile>
    <ClCompile Include="..\..\MiniEngine\IndexBuffer.cpp">
      <Filter>MiniEngine</Filter>
    </ClCompile>
    <ClCompile Include="..\..\MiniEngine\Material.cpp">
      <Filter>MiniEngine</Filter>
    </ClCompile>
    <ClCompile Include="..\..\MiniEngine\MeshParts.cpp">
      <Filter>MiniEngine</Filter>
    </ClCompile>
    <ClCompile Include="..\..\MiniEngine\Model.cpp">
      <Filter>MiniEngine</Filter>
    </ClCompile>
    <ClCompile Include="..\..\MiniEngine\NullTextureMaps.cpp">
      <Filter>MiniEngine</Filter>
    </ClCompile>
    <ClCompile Include="..\..\MiniEngine\PipelineState.cpp">
      <Filter>MiniEngine</Filter>
    </ClCompile>
    <ClCompile Include="..\..\MiniEngine\RootSignature.cpp">
      <Filter>MiniEngine</Filter>
    </ClCompile>
    <ClCompile Include="..\..\MiniEngine\RWStructuredBuffer.cpp">
      <Filter>MiniEngine</Filter>
    </ClCompile>
    <ClCompile Include="..\..\MiniEngine\Shader.cpp">
      <Filter>MiniEngine</Filter>
    </ClCompile>
    <ClCompile Include="..\..\MiniEngine\Skeleton.cpp">
      <Filter>MiniEngine</Filter>
    </ClCompile>
    <ClCompile Include="..\..\MiniEngine\Sprite.cpp">
      <Filter>MiniEngine</Filter>
    </ClCompile>
    <ClCompile Include="..\..\MiniEngine\StructuredBuffer.cpp">
      <Filter>MiniEngine</Filter>
    </ClCompile>
    <ClCompile Include="..\..\MiniEngine\Texture.cpp">
      <Filter>MiniEngine</Filter>
    </ClCompile>
    <ClCompile Include="..\..\MiniEngine\tkEngine.cpp">
      <Filter>MiniEngine</Filter>
    </ClCompile>
    <ClCompile Include="..\..\MiniEngine\VertexBuffer.cpp">
      <Filter>MiniEngine</Filter>
    </ClCompile>
    <ClCompile Include="..\..\MiniEngine\RenderTarget.cpp">
      <Filter>MiniEngine</Filter>
    </ClCompile>
    <ClCompile Include="system\system.cpp">
      <Filter>ソース ファイル\system</Filter>
    </ClCompile>
    <ClCompile Include="BackGround.cpp">
      <Filter>ソース ファイル</Filter>
    </ClCompile>
    <ClCompile Include="Bullet.cpp">
      <Filter>ソース ファイル</Filter>
    </ClCompile>
    <ClCompile Include="CaslFile.cpp">
      <Filter>ソース ファイル</Filter>
    </ClCompile>
    <ClCompile Include="Character_base.cpp">
      <Filter>ソース ファイル</Filter>
    </ClCompile>
    <ClCompile Include="CharacterSelect.cpp">
      <Filter>ソース ファイル</Filter>
    </ClCompile>
    <ClCompile Include="ChargeShot.cpp">
      <Filter>ソース ファイル</Filter>
    </ClCompile>
    <ClCompile Include="CLevelRender2D.cpp">
      <Filter>ソース ファイル</Filter>
    </ClCompile>
    <ClCompile Include="CLightManager.cpp">
      <Filter>ソース ファイル</Filter>
    </ClCompile>
    <ClCompile Include="DamageDisplay.cpp">
      <Filter>ソース ファイル</Filter>
    </ClCompile>
    <ClCompile Include="DropItem_base.cpp">
      <Filter>ソース ファイル</Filter>
    </ClCompile>
    <ClCompile Include="FlashGrenade_item.cpp">
      <Filter>ソース ファイル</Filter>
    </ClCompile>
    <ClCompile Include="GameScene.cpp">
      <Filter>ソース ファイル</Filter>
    </ClCompile>
    <ClCompile Include="GaussianBlur.cpp">
      <Filter>ソース ファイル</Filter>
    </ClCompile>
    <ClCompile Include="GravityGrenade_item.cpp">
      <Filter>ソース ファイル</Filter>
    </ClCompile>
    <ClCompile Include="Knight.cpp">
      <Filter>ソース ファイル</Filter>
    </ClCompile>
    <ClCompile Include="Level2D.cpp">
      <Filter>ソース ファイル</Filter>
    </ClCompile>
    <ClCompile Include="Machinegun_item.cpp">
      <Filter>ソース ファイル</Filter>
    </ClCompile>
    <ClCompile Include="MagAcceleration_item.cpp">
      <Filter>ソース ファイル</Filter>
    </ClCompile>
    <ClCompile Include="Mage.cpp">
      <Filter>ソース ファイル</Filter>
    </ClCompile>
    <ClCompile Include="MagInversion_item.cpp">
      <Filter>ソース ファイル</Filter>
    </ClCompile>
    <ClCompile Include="main.cpp">
      <Filter>ソース ファイル</Filter>
    </ClCompile>
    <ClCompile Include="MapChip2D.cpp">
      <Filter>ソース ファイル</Filter>
    </ClCompile>
    <ClCompile Include="MyCapsuleCollider.cpp">
      <Filter>ソース ファイル</Filter>
    </ClCompile>
    <ClCompile Include="Ninja.cpp">
      <Filter>ソース ファイル</Filter>
    </ClCompile>
    <ClCompile Include="PopRandItem.cpp">
      <Filter>ソース ファイル</Filter>
    </ClCompile>
    <ClCompile Include="PostEffectManager.cpp">
      <Filter>ソース ファイル</Filter>
    </ClCompile>
    <ClCompile Include="Psychokinesis.cpp">
      <Filter>ソース ファイル</Filter>
    </ClCompile>
    <ClCompile Include="Repulsion.cpp">
      <Filter>ソース ファイル</Filter>
    </ClCompile>
    <ClCompile Include="ResourceBankManager.cpp">
      <Filter>ソース ファイル</Filter>
    </ClCompile>
    <ClCompile Include="ShowModel.cpp">
      <Filter>ソース ファイル</Filter>
    </ClCompile>
    <ClCompile Include="ShowSprite.cpp">
      <Filter>ソース ファイル</Filter>
    </ClCompile>
    <ClCompile Include="SkyBoard.cpp">
      <Filter>ソース ファイル</Filter>
    </ClCompile>
    <ClCompile Include="SoundEngine.cpp">
      <Filter>ソース ファイル</Filter>
    </ClCompile>
    <ClCompile Include="stdafx.cpp">
      <Filter>ソース ファイル</Filter>
    </ClCompile>
    <ClCompile Include="Tank.cpp">
      <Filter>ソース ファイル</Filter>
    </ClCompile>
    <ClCompile Include="TitleScene.cpp">
      <Filter>ソース ファイル</Filter>
    </ClCompile>
    <ClCompile Include="tklFile.cpp">
      <Filter>ソース ファイル</Filter>
    </ClCompile>
    <ClCompile Include="TriangleCollider.cpp">
      <Filter>ソース ファイル</Filter>
    </ClCompile>
    <ClCompile Include="Turret.cpp">
      <Filter>ソース ファイル</Filter>
    </ClCompile>
    <ClCompile Include="UsedGravityGrenade.cpp">
      <Filter>ソース ファイル</Filter>
    </ClCompile>
    <ClCompile Include="UsedItem_base.cpp">
      <Filter>ソース ファイル</Filter>
    </ClCompile>
    <ClCompile Include="WaveFile.cpp">
      <Filter>ソース ファイル</Filter>
    </ClCompile>
    <ClCompile Include="WaveFileBank.cpp">
      <Filter>ソース ファイル</Filter>
    </ClCompile>
    <ClCompile Include="CDirectionLight.cpp">
      <Filter>ソース ファイル\prefab</Filter>
    </ClCompile>
    <ClCompile Include="CFontRender.cpp">
      <Filter>ソース ファイル\prefab</Filter>
    </ClCompile>
    <ClCompile Include="CLevel.cpp">
      <Filter>ソース ファイル\prefab</Filter>
    </ClCompile>
    <ClCompile Include="CMapChipRender.cpp">
      <Filter>ソース ファイル\prefab</Filter>
    </ClCompile>
    <ClCompile Include="CPointLight.cpp">
      <Filter>ソース ファイル\prefab</Filter>
    </ClCompile>
    <ClCompile Include="CSkinModelRender.cpp">
      <Filter>ソース ファイル\prefab</Filter>
    </ClCompile>
    <ClCompile Include="CSoundSource.cpp">
      <Filter>ソース ファイル\prefab</Filter>
    </ClCompile>
    <ClCompile Include="CSpotLight.cpp">
      <Filter>ソース ファイル\prefab</Filter>
    </ClCompile>
    <ClCompile Include="CSpriteRender.cpp">
      <Filter>ソース ファイル\prefab</Filter>
    </ClCompile>
    <ClCompile Include="Player.cpp" />
    <ClCompile Include="SampleScene.cpp" />
    <ClCompile Include="Debris.cpp" />
    <ClCompile Include="DebrisBlock.cpp" />
    <ClCompile Include="..\..\MiniEngine\font\Font.cpp">
      <Filter>ソース ファイル</Filter>
    </ClCompile>
    <ClCompile Include="..\..\MiniEngine\font\FontEngine.cpp">
      <Filter>ソース ファイル</Filter>
    </ClCompile>
    <ClCompile Include="GravityBullet.cpp" />
    <ClCompile Include="Explosion.cpp" />
    <ClCompile Include="Bomb.cpp" />
    <ClCompile Include="MobiusGauge.cpp" />
    <ClCompile Include="EffectEngine.cpp" />
    <ClCompile Include="CEffect.cpp">
      <Filter>ソース ファイル\prefab</Filter>
    </ClCompile>
    <ClCompile Include="Flash.cpp" />
    <ClCompile Include="Incendia.cpp" />
  </ItemGroup>
  <ItemGroup>
    <ClCompile Include="main.cpp">
      <Filter>ソース ファイル</Filter>
    </ClCompile>
    <ClCompile Include="system\system.cpp">
      <Filter>ソース ファイル\system</Filter>
    </ClCompile>
    <ClCompile Include="stdafx.cpp">
      <Filter>ソース ファイル</Filter>
    </ClCompile>
    <ClCompile Include="..\..\MiniEngine\GraphicsEngine.cpp">
      <Filter>MiniEngine</Filter>
    </ClCompile>
    <ClCompile Include="..\..\MiniEngine\VertexBuffer.cpp">
      <Filter>MiniEngine</Filter>
    </ClCompile>
    <ClCompile Include="..\..\MiniEngine\IndexBuffer.cpp">
      <Filter>MiniEngine</Filter>
    </ClCompile>
    <ClCompile Include="..\..\MiniEngine\StructuredBuffer.cpp">
      <Filter>MiniEngine</Filter>
    </ClCompile>
    <ClCompile Include="..\..\MiniEngine\ConstantBuffer.cpp">
      <Filter>MiniEngine</Filter>
    </ClCompile>
    <ClCompile Include="..\..\MiniEngine\DescriptorHeap.cpp">
      <Filter>MiniEngine</Filter>
    </ClCompile>
    <ClCompile Include="..\..\MiniEngine\Texture.cpp">
      <Filter>MiniEngine</Filter>
    </ClCompile>
    <ClCompile Include="..\..\MiniEngine\Shader.cpp">
      <Filter>MiniEngine</Filter>
    </ClCompile>
    <ClCompile Include="..\..\MiniEngine\math\Vector.cpp">
      <Filter>MiniEngine\math</Filter>
    </ClCompile>
    <ClCompile Include="..\..\MiniEngine\math\Matrix.cpp">
      <Filter>MiniEngine\math</Filter>
    </ClCompile>
    <ClCompile Include="..\..\MiniEngine\Sprite.cpp">
      <Filter>MiniEngine</Filter>
    </ClCompile>
    <ClCompile Include="..\..\MiniEngine\PipelineState.cpp">
      <Filter>MiniEngine</Filter>
    </ClCompile>
    <ClCompile Include="..\..\MiniEngine\RootSignature.cpp">
      <Filter>MiniEngine</Filter>
    </ClCompile>
    <ClCompile Include="..\..\MiniEngine\tkFile\TksFile.cpp">
      <Filter>MiniEngine\tkFile</Filter>
    </ClCompile>
    <ClCompile Include="..\..\MiniEngine\tkFile\TkaFile.cpp">
      <Filter>MiniEngine\tkFile</Filter>
    </ClCompile>
    <ClCompile Include="..\..\MiniEngine\tkFile\TkmFile.cpp">
      <Filter>MiniEngine\tkFile</Filter>
    </ClCompile>
    <ClCompile Include="..\..\MiniEngine\Camera.cpp">
      <Filter>MiniEngine</Filter>
    </ClCompile>
    <ClCompile Include="..\..\MiniEngine\Skeleton.cpp">
      <Filter>MiniEngine</Filter>
    </ClCompile>
    <ClCompile Include="..\..\MiniEngine\MeshParts.cpp">
      <Filter>MiniEngine</Filter>
    </ClCompile>
    <ClCompile Include="..\..\MiniEngine\Material.cpp">
      <Filter>MiniEngine</Filter>
    </ClCompile>
    <ClCompile Include="..\..\MiniEngine\Model.cpp">
      <Filter>MiniEngine</Filter>
    </ClCompile>
    <ClCompile Include="..\..\MiniEngine\HID\GamePad.cpp">
      <Filter>MiniEngine\HID</Filter>
    </ClCompile>
    <ClCompile Include="..\..\MiniEngine\GPUBuffer.cpp">
      <Filter>MiniEngine</Filter>
    </ClCompile>
    <ClCompile Include="..\..\MiniEngine\RWStructuredBuffer.cpp">
      <Filter>MiniEngine</Filter>
    </ClCompile>
    <ClCompile Include="..\..\MiniEngine\NullTextureMaps.cpp">
      <Filter>MiniEngine</Filter>
    </ClCompile>
    <ClCompile Include="..\..\MiniEngine\raytracing\TLASBuffer.cpp">
      <Filter>MiniEngine\raytracing</Filter>
    </ClCompile>
    <ClCompile Include="..\..\MiniEngine\raytracing\BLASBuffer.cpp">
      <Filter>MiniEngine\raytracing</Filter>
    </ClCompile>
    <ClCompile Include="..\..\MiniEngine\raytracing\RaytracingDescriptorHeaps.cpp">
      <Filter>MiniEngine\raytracing</Filter>
    </ClCompile>
    <ClCompile Include="..\..\MiniEngine\raytracing\RaytracingEngine.cpp">
      <Filter>MiniEngine\raytracing</Filter>
    </ClCompile>
    <ClCompile Include="..\..\MiniEngine\raytracing\RaytracingInstance.cpp">
      <Filter>MiniEngine\raytracing</Filter>
    </ClCompile>
    <ClCompile Include="..\..\MiniEngine\raytracing\RaytracingPSO.cpp">
      <Filter>MiniEngine\raytracing</Filter>
    </ClCompile>
    <ClCompile Include="..\..\MiniEngine\raytracing\RaytracingShaderTable.cpp">
      <Filter>MiniEngine\raytracing</Filter>
    </ClCompile>
    <ClCompile Include="..\..\MiniEngine\raytracing\RaytracingWorld.cpp">
      <Filter>MiniEngine\raytracing</Filter>
    </ClCompile>
    <ClCompile Include="..\..\MiniEngine\AnimationClip.cpp">
      <Filter>MiniEngine</Filter>
    </ClCompile>
    <ClCompile Include="..\..\MiniEngine\AnimationPlayController.cpp">
      <Filter>MiniEngine</Filter>
    </ClCompile>
    <ClCompile Include="..\..\MiniEngine\Animation.cpp">
      <Filter>MiniEngine</Filter>
    </ClCompile>
    <ClCompile Include="..\..\ExEngine\gameObject\IGameObject.cpp">
      <Filter>ExEngine\gameObject</Filter>
    </ClCompile>
    <ClCompile Include="..\..\ExEngine\gameObject\Gameobjectmanager.cpp">
      <Filter>ExEngine\gameObject</Filter>
    </ClCompile>
    <ClCompile Include="..\..\MiniEngine\tkEngine.cpp">
      <Filter>MiniEngine</Filter>
    </ClCompile>
    <ClCompile Include="..\..\ExEngine\physics\Physics.cpp">
      <Filter>ExEngine\physics</Filter>
    </ClCompile>
    <ClCompile Include="..\..\ExEngine\physics\MeshCollider.cpp">
      <Filter>ExEngine\physics</Filter>
    </ClCompile>
    <ClCompile Include="..\..\ExEngine\physics\RigidBody.cpp">
      <Filter>ExEngine\physics</Filter>
    </ClCompile>
    <ClCompile Include="..\..\ExEngine\physics\CapsuleCollider.cpp">
      <Filter>ExEngine\physics</Filter>
    </ClCompile>
    <ClCompile Include="..\..\ExEngine\physics\CharacterController.cpp">
      <Filter>ExEngine\physics</Filter>
    </ClCompile>
    <ClCompile Include="..\..\ExEngine\physics\PhysicsStaticObject.cpp">
      <Filter>ExEngine\physics</Filter>
    </ClCompile>
    <ClCompile Include="..\..\MiniEngine\font\FontEngine.cpp">
      <Filter>MiniEngine\font</Filter>
    </ClCompile>
    <ClCompile Include="ShowModel.cpp">
      <Filter>ソース ファイル</Filter>
    </ClCompile>
    <ClCompile Include="ShowSprite.cpp">
      <Filter>ソース ファイル</Filter>
    </ClCompile>
    <ClCompile Include="CSkinModelRender.cpp">
      <Filter>ソース ファイル\prefab</Filter>
    </ClCompile>
    <ClCompile Include="CDirectionLight.cpp">
      <Filter>ソース ファイル\prefab</Filter>
    </ClCompile>
    <ClCompile Include="BackGround.cpp">
      <Filter>ソース ファイル</Filter>
    </ClCompile>
    <ClCompile Include="CLightManager.cpp">
      <Filter>ソース ファイル\prefab</Filter>
    </ClCompile>
    <ClCompile Include="CPointLight.cpp">
      <Filter>ソース ファイル\prefab</Filter>
    </ClCompile>
    <ClCompile Include="CSpotLight.cpp">
      <Filter>ソース ファイル\prefab</Filter>
    </ClCompile>
    <ClCompile Include="tklFile.cpp">
      <Filter>ソース ファイル</Filter>
    </ClCompile>
    <ClCompile Include="Bullet.cpp">
      <Filter>ソース ファイル</Filter>
    </ClCompile>
    <ClCompile Include="..\..\MiniEngine\font\Font.cpp">
      <Filter>MiniEngine\font</Filter>
    </ClCompile>
    <ClCompile Include="TriangleCollider.cpp">
      <Filter>ソース ファイル</Filter>
    </ClCompile>
    <ClCompile Include="ChargeShot.cpp">
      <Filter>ソース ファイル</Filter>
    </ClCompile>
    <ClCompile Include="Character_base.cpp">
      <Filter>ソース ファイル</Filter>
    </ClCompile>
    <ClCompile Include="Mage.cpp">
      <Filter>ソース ファイル</Filter>
    </ClCompile>
    <ClCompile Include="Knight.cpp">
      <Filter>ソース ファイル</Filter>
    </ClCompile>
    <ClCompile Include="Tank.cpp">
      <Filter>ソース ファイル</Filter>
    </ClCompile>
    <ClCompile Include="Ninja.cpp">
      <Filter>ソース ファイル</Filter>
    </ClCompile>
    <ClCompile Include="CharacterSelect.cpp">
      <Filter>ソース ファイル</Filter>
    </ClCompile>
    <ClCompile Include="TitleScene.cpp">
      <Filter>ソース ファイル</Filter>
    </ClCompile>
    <ClCompile Include="ResourceBankManager.cpp">
      <Filter>ソース ファイル</Filter>
    </ClCompile>
    <ClCompile Include="MyCapsuleCollider.cpp">
      <Filter>ソース ファイル</Filter>
    </ClCompile>
    <ClCompile Include="CaslFile.cpp">
      <Filter>ソース ファイル</Filter>
    </ClCompile>
    <ClCompile Include="Level2D.cpp">
      <Filter>ソース ファイル</Filter>
    </ClCompile>
    <ClCompile Include="MapChip2D.cpp">
      <Filter>ソース ファイル</Filter>
    </ClCompile>
    <ClCompile Include="SoundEngine.cpp">
      <Filter>ソース ファイル</Filter>
    </ClCompile>
    <ClCompile Include="WaveFile.cpp">
      <Filter>ソース ファイル</Filter>
    </ClCompile>
    <ClCompile Include="WaveFileBank.cpp">
      <Filter>ソース ファイル</Filter>
    </ClCompile>
    <ClCompile Include="DropItem_base.cpp">
      <Filter>ソース ファイル</Filter>
    </ClCompile>
    <ClCompile Include="MagInversion_item.cpp">
      <Filter>ソース ファイル</Filter>
    </ClCompile>
    <ClCompile Include="PopRandItem.cpp">
      <Filter>ソース ファイル</Filter>
    </ClCompile>
    <ClCompile Include="MagAcceleration_item.cpp">
      <Filter>ソース ファイル</Filter>
    </ClCompile>
    <ClCompile Include="Flash.cpp">
      <Filter>ソース ファイル</Filter>
    </ClCompile>
    <ClCompile Include="..\..\MiniEngine\RenderTarget.cpp">
      <Filter>MiniEngine</Filter>
    </ClCompile>
    <ClCompile Include="Machinegun_item.cpp">
      <Filter>ソース ファイル</Filter>
    </ClCompile>
    <ClCompile Include="CFontRender.cpp">
      <Filter>ソース ファイル\prefab</Filter>
    </ClCompile>
    <ClCompile Include="CLevel.cpp">
      <Filter>ソース ファイル\prefab</Filter>
    </ClCompile>
    <ClCompile Include="CSpriteRender.cpp">
      <Filter>ソース ファイル\prefab</Filter>
    </ClCompile>
    <ClCompile Include="CSoundSource.cpp">
      <Filter>ソース ファイル\prefab</Filter>
    </ClCompile>
    <ClCompile Include="CMapChipRender.cpp">
      <Filter>ソース ファイル\prefab</Filter>
    </ClCompile>
    <ClCompile Include="CLevelRender2D.cpp">
      <Filter>ソース ファイル\prefab</Filter>
    </ClCompile>
    <ClCompile Include="PostEffectManager.cpp">
      <Filter>ソース ファイル</Filter>
    </ClCompile>
    <ClCompile Include="GaussianBlur.cpp">
      <Filter>ソース ファイル</Filter>
    </ClCompile>
    <ClCompile Include="DamageDisplay.cpp">
      <Filter>ソース ファイル</Filter>
    </ClCompile>
    <ClCompile Include="SkyBoard.cpp">
      <Filter>ソース ファイル</Filter>
    </ClCompile>
    <ClCompile Include="Psychokinesis.cpp">
      <Filter>ソース ファイル</Filter>
    </ClCompile>
    <ClCompile Include="GameScene.cpp">
      <Filter>ソース ファイル</Filter>
    </ClCompile>
  </ItemGroup>
  <ItemGroup>
    <ClInclude Include="..\..\ExEngine\ExEngine.h">
      <Filter>ExEngine</Filter>
    </ClInclude>
    <ClInclude Include="..\..\ExEngine\gameObject\GameObjectManager.h">
      <Filter>ExEngine\gameObject</Filter>
    </ClInclude>
    <ClInclude Include="..\..\ExEngine\gameObject\IGameobject.h">
      <Filter>ExEngine\gameObject</Filter>
    </ClInclude>
    <ClInclude Include="..\..\ExEngine\physics\CapsuleCollider.h">
      <Filter>ExEngine\physics</Filter>
    </ClInclude>
    <ClInclude Include="..\..\ExEngine\physics\CharacterController.h">
      <Filter>ExEngine\physics</Filter>
    </ClInclude>
    <ClInclude Include="..\..\ExEngine\physics\ICollider.h">
      <Filter>ExEngine\physics</Filter>
    </ClInclude>
    <ClInclude Include="..\..\ExEngine\physics\MeshCollider.h">
      <Filter>ExEngine\physics</Filter>
    </ClInclude>
    <ClInclude Include="..\..\ExEngine\physics\Physics.h">
      <Filter>ExEngine\physics</Filter>
    </ClInclude>
    <ClInclude Include="..\..\ExEngine\physics\PhysicsStaticObject.h">
      <Filter>ExEngine\physics</Filter>
    </ClInclude>
    <ClInclude Include="..\..\ExEngine\physics\RigidBody.h">
      <Filter>ExEngine\physics</Filter>
    </ClInclude>
    <ClInclude Include="..\..\MiniEngine\debug\MyAssert.h">
      <Filter>MiniEngine\debug</Filter>
    </ClInclude>
    <ClInclude Include="..\..\MiniEngine\HID\GamePad.h">
      <Filter>MiniEngine\HID</Filter>
    </ClInclude>
    <ClInclude Include="..\..\MiniEngine\math\Math.h">
      <Filter>MiniEngine\math</Filter>
    </ClInclude>
    <ClInclude Include="..\..\MiniEngine\math\Matrix.h">
      <Filter>MiniEngine\math</Filter>
    </ClInclude>
    <ClInclude Include="..\..\MiniEngine\math\Vector.h">
      <Filter>MiniEngine\math</Filter>
    </ClInclude>
    <ClInclude Include="..\..\MiniEngine\tkFile\TkaFile.h">
      <Filter>MiniEngine\tkFile</Filter>
    </ClInclude>
    <ClInclude Include="..\..\MiniEngine\tkFile\TkmFile.h">
      <Filter>MiniEngine\tkFile</Filter>
    </ClInclude>
    <ClInclude Include="..\..\MiniEngine\tkFile\TksFile.h">
      <Filter>MiniEngine\tkFile</Filter>
    </ClInclude>
    <ClInclude Include="..\..\MiniEngine\raytracing\BLASBuffer.h">
      <Filter>MiniEngine\raytracing</Filter>
    </ClInclude>
    <ClInclude Include="..\..\MiniEngine\raytracing\Raytracing.h">
      <Filter>MiniEngine\raytracing</Filter>
    </ClInclude>
    <ClInclude Include="..\..\MiniEngine\raytracing\RaytracingDescriptorHeaps.h">
      <Filter>MiniEngine\raytracing</Filter>
    </ClInclude>
    <ClInclude Include="..\..\MiniEngine\raytracing\RaytracingEngine.h">
      <Filter>MiniEngine\raytracing</Filter>
    </ClInclude>
    <ClInclude Include="..\..\MiniEngine\raytracing\RaytracingInstance.h">
      <Filter>MiniEngine\raytracing</Filter>
    </ClInclude>
    <ClInclude Include="..\..\MiniEngine\raytracing\RaytracingPSO.h">
      <Filter>MiniEngine\raytracing</Filter>
    </ClInclude>
    <ClInclude Include="..\..\MiniEngine\raytracing\RaytracingShaderTable.h">
      <Filter>MiniEngine\raytracing</Filter>
    </ClInclude>
    <ClInclude Include="..\..\MiniEngine\raytracing\RaytracingWorld.h">
      <Filter>MiniEngine\raytracing</Filter>
    </ClInclude>
    <ClInclude Include="..\..\MiniEngine\raytracing\TLASBuffer.h">
      <Filter>MiniEngine\raytracing</Filter>
    </ClInclude>
    <ClInclude Include="..\..\MiniEngine\Animation.h">
      <Filter>MiniEngine</Filter>
    </ClInclude>
    <ClInclude Include="..\..\MiniEngine\AnimationClip.h">
      <Filter>MiniEngine</Filter>
    </ClInclude>
    <ClInclude Include="..\..\MiniEngine\AnimationPlayController.h">
      <Filter>MiniEngine</Filter>
    </ClInclude>
    <ClInclude Include="..\..\MiniEngine\Camera.h">
      <Filter>MiniEngine</Filter>
    </ClInclude>
    <ClInclude Include="..\..\MiniEngine\ConstantBuffer.h">
      <Filter>MiniEngine</Filter>
    </ClInclude>
    <ClInclude Include="..\..\MiniEngine\DescriptorHeap.h">
      <Filter>MiniEngine</Filter>
    </ClInclude>
    <ClInclude Include="..\..\MiniEngine\DescriptorHeap_inline.h">
      <Filter>MiniEngine</Filter>
    </ClInclude>
    <ClInclude Include="..\..\MiniEngine\GPUBuffer.h">
      <Filter>MiniEngine</Filter>
    </ClInclude>
    <ClInclude Include="..\..\MiniEngine\GraphicsEngine.h">
      <Filter>MiniEngine</Filter>
    </ClInclude>
    <ClInclude Include="..\..\MiniEngine\IndexBuffer.h">
      <Filter>MiniEngine</Filter>
    </ClInclude>
    <ClInclude Include="..\..\MiniEngine\Material.h">
      <Filter>MiniEngine</Filter>
    </ClInclude>
    <ClInclude Include="..\..\MiniEngine\MeshParts.h">
      <Filter>MiniEngine</Filter>
    </ClInclude>
    <ClInclude Include="..\..\MiniEngine\MiniEngine.h">
      <Filter>MiniEngine</Filter>
    </ClInclude>
    <ClInclude Include="..\..\MiniEngine\Model.h">
      <Filter>MiniEngine</Filter>
    </ClInclude>
    <ClInclude Include="..\..\MiniEngine\NullTextureMaps.h">
      <Filter>MiniEngine</Filter>
    </ClInclude>
    <ClInclude Include="..\..\MiniEngine\PipelineState.h">
      <Filter>MiniEngine</Filter>
    </ClInclude>
    <ClInclude Include="..\..\MiniEngine\RenderContext.h">
      <Filter>MiniEngine</Filter>
    </ClInclude>
    <ClInclude Include="..\..\MiniEngine\RenderContext_inline.h">
      <Filter>MiniEngine</Filter>
    </ClInclude>
    <ClInclude Include="..\..\MiniEngine\RootSignature.h">
      <Filter>MiniEngine</Filter>
    </ClInclude>
    <ClInclude Include="..\..\MiniEngine\RWStructuredBuffer.h">
      <Filter>MiniEngine</Filter>
    </ClInclude>
    <ClInclude Include="..\..\MiniEngine\Shader.h">
      <Filter>MiniEngine</Filter>
    </ClInclude>
    <ClInclude Include="..\..\MiniEngine\Skeleton.h">
      <Filter>MiniEngine</Filter>
    </ClInclude>
    <ClInclude Include="..\..\MiniEngine\Sprite.h">
      <Filter>MiniEngine</Filter>
    </ClInclude>
    <ClInclude Include="..\..\MiniEngine\StructuredBuffer.h">
      <Filter>MiniEngine</Filter>
    </ClInclude>
    <ClInclude Include="..\..\MiniEngine\Texture.h">
      <Filter>MiniEngine</Filter>
    </ClInclude>
    <ClInclude Include="..\..\MiniEngine\tkEngine.h">
      <Filter>MiniEngine</Filter>
    </ClInclude>
    <ClInclude Include="..\..\MiniEngine\VertexBuffer.h">
      <Filter>MiniEngine</Filter>
    </ClInclude>
    <ClInclude Include="system\system.h">
      <Filter>ヘッダー ファイル\system</Filter>
    </ClInclude>
    <ClInclude Include="BackGround.h">
      <Filter>ヘッダー ファイル</Filter>
    </ClInclude>
    <ClInclude Include="Bullet.h">
      <Filter>ヘッダー ファイル</Filter>
    </ClInclude>
    <ClInclude Include="CaslFile.h">
      <Filter>ヘッダー ファイル</Filter>
    </ClInclude>
    <ClInclude Include="Character_base.h">
      <Filter>ヘッダー ファイル</Filter>
    </ClInclude>
    <ClInclude Include="CharacterSelect.h">
      <Filter>ヘッダー ファイル</Filter>
    </ClInclude>
    <ClInclude Include="ChargeShot.h">
      <Filter>ヘッダー ファイル</Filter>
    </ClInclude>
    <ClInclude Include="CLightManager.h">
      <Filter>ヘッダー ファイル</Filter>
    </ClInclude>
    <ClInclude Include="CUtil.h">
      <Filter>ヘッダー ファイル</Filter>
    </ClInclude>
    <ClInclude Include="DamageDisplay.h">
      <Filter>ヘッダー ファイル</Filter>
    </ClInclude>
    <ClInclude Include="DropItem_base.h">
      <Filter>ヘッダー ファイル</Filter>
    </ClInclude>
    <ClInclude Include="FlashGrenade_item.h">
      <Filter>ヘッダー ファイル</Filter>
    </ClInclude>
    <ClInclude Include="..\..\MiniEngine\font\Font.h">
      <Filter>ヘッダー ファイル</Filter>
    </ClInclude>
    <ClInclude Include="..\..\MiniEngine\font\FontEngine.h">
      <Filter>ヘッダー ファイル</Filter>
    </ClInclude>
    <ClInclude Include="GameScene.h">
      <Filter>ヘッダー ファイル</Filter>
    </ClInclude>
    <ClInclude Include="..\..\MiniEngine\time\GameTime.h">
      <Filter>ヘッダー ファイル</Filter>
    </ClInclude>
    <ClInclude Include="GaussianBlur.h">
      <Filter>ヘッダー ファイル</Filter>
    </ClInclude>
    <ClInclude Include="GravityGrenade_item.h">
      <Filter>ヘッダー ファイル</Filter>
    </ClInclude>
    <ClInclude Include="Knight.h">
      <Filter>ヘッダー ファイル</Filter>
    </ClInclude>
    <ClInclude Include="Level2D.h">
      <Filter>ヘッダー ファイル</Filter>
    </ClInclude>
    <ClInclude Include="Machinegun_item.h">
      <Filter>ヘッダー ファイル</Filter>
    </ClInclude>
    <ClInclude Include="MagAcceleration_item.h">
      <Filter>ヘッダー ファイル</Filter>
    </ClInclude>
    <ClInclude Include="Mage.h">
      <Filter>ヘッダー ファイル</Filter>
    </ClInclude>
    <ClInclude Include="MagInversion_item.h">
      <Filter>ヘッダー ファイル</Filter>
    </ClInclude>
    <ClInclude Include="MapChip2D.h">
      <Filter>ヘッダー ファイル</Filter>
    </ClInclude>
    <ClInclude Include="MyCapsuleCollider.h">
      <Filter>ヘッダー ファイル</Filter>
    </ClInclude>
    <ClInclude Include="NameKey.h">
      <Filter>ヘッダー ファイル</Filter>
    </ClInclude>
    <ClInclude Include="Ninja.h">
      <Filter>ヘッダー ファイル</Filter>
    </ClInclude>
    <ClInclude Include="PopRandItem.h">
      <Filter>ヘッダー ファイル</Filter>
    </ClInclude>
    <ClInclude Include="PostEffectManager.h">
      <Filter>ヘッダー ファイル</Filter>
    </ClInclude>
    <ClInclude Include="Psychokinesis.h">
      <Filter>ヘッダー ファイル</Filter>
    </ClInclude>
    <ClInclude Include="Repulsion.h">
      <Filter>ヘッダー ファイル</Filter>
    </ClInclude>
    <ClInclude Include="ResourceBankManager.h">
      <Filter>ヘッダー ファイル</Filter>
    </ClInclude>
    <ClInclude Include="ShowModel.h">
      <Filter>ヘッダー ファイル</Filter>
    </ClInclude>
    <ClInclude Include="ShowSprite.h">
      <Filter>ヘッダー ファイル</Filter>
    </ClInclude>
    <ClInclude Include="SkyBoard.h">
      <Filter>ヘッダー ファイル</Filter>
    </ClInclude>
    <ClInclude Include="WaveFileBank.h">
      <Filter>ヘッダー ファイル</Filter>
    </ClInclude>
    <ClInclude Include="stdafx.h">
      <Filter>ヘッダー ファイル</Filter>
    </ClInclude>
    <ClInclude Include="..\..\MiniEngine\time\Stopwatch.h">
      <Filter>ヘッダー ファイル</Filter>
    </ClInclude>
    <ClInclude Include="Tank.h">
      <Filter>ヘッダー ファイル</Filter>
    </ClInclude>
    <ClInclude Include="TitleScene.h">
      <Filter>ヘッダー ファイル</Filter>
    </ClInclude>
    <ClInclude Include="tklFile.h">
      <Filter>ヘッダー ファイル</Filter>
    </ClInclude>
    <ClInclude Include="TResourceBank.h">
      <Filter>ヘッダー ファイル</Filter>
    </ClInclude>
    <ClInclude Include="TriangleCollider.h">
      <Filter>ヘッダー ファイル</Filter>
    </ClInclude>
    <ClInclude Include="Turret.h">
      <Filter>ヘッダー ファイル</Filter>
    </ClInclude>
    <ClInclude Include="UsedGravityGrenade.h">
      <Filter>ヘッダー ファイル</Filter>
    </ClInclude>
    <ClInclude Include="UsedItem_base.h">
      <Filter>ヘッダー ファイル</Filter>
    </ClInclude>
    <ClInclude Include="WaveFile.h">
      <Filter>ヘッダー ファイル</Filter>
    </ClInclude>
    <ClInclude Include="CDirectionLight.h">
      <Filter>ヘッダー ファイル\prefab</Filter>
    </ClInclude>
    <ClInclude Include="CFontRender.h">
      <Filter>ヘッダー ファイル\prefab</Filter>
    </ClInclude>
    <ClInclude Include="CLevel.h">
      <Filter>ヘッダー ファイル\prefab</Filter>
    </ClInclude>
    <ClInclude Include="CLevelRender2D.h">
      <Filter>ヘッダー ファイル\prefab</Filter>
    </ClInclude>
    <ClInclude Include="CMapChipRender.h">
      <Filter>ヘッダー ファイル\prefab</Filter>
    </ClInclude>
    <ClInclude Include="CPointLight.h">
      <Filter>ヘッダー ファイル\prefab</Filter>
    </ClInclude>
    <ClInclude Include="CSkinModelRender.h">
      <Filter>ヘッダー ファイル\prefab</Filter>
    </ClInclude>
    <ClInclude Include="CSoundSource.h">
      <Filter>ヘッダー ファイル\prefab</Filter>
    </ClInclude>
    <ClInclude Include="CSpotLight.h">
      <Filter>ヘッダー ファイル\prefab</Filter>
    </ClInclude>
    <ClInclude Include="CSpriteRender.h">
      <Filter>ヘッダー ファイル\prefab</Filter>
    </ClInclude>
    <ClInclude Include="SoundEngine.h">
      <Filter>ヘッダー ファイル\prefab</Filter>
    </ClInclude>
    <ClInclude Include="prefab.h">
      <Filter>ヘッダー ファイル\prefab</Filter>
    </ClInclude>
    <ClInclude Include="Player.h" />
    <ClInclude Include="SampleScene.h" />
    <ClInclude Include="Debris.h" />
    <ClInclude Include="DebrisBlock.h" />
    <ClInclude Include="GravityBullet.h" />
    <ClInclude Include="Explosion.h" />
    <ClInclude Include="Bomb.h" />
    <ClInclude Include="MobiusGauge.h" />
    <ClInclude Include="EffectEngine.h" />
    <ClInclude Include="CEffect.h">
      <Filter>ヘッダー ファイル\prefab</Filter>
    </ClInclude>
    <ClInclude Include="Flash.h" />
    <ClInclude Include="Incendia.h" />
  </ItemGroup>
  <ItemGroup>
    <Filter Include="ExEngine">
      <UniqueIdentifier>{4f4cfb67-909c-494b-8dbb-c18f4bb0ac81}</UniqueIdentifier>
    </Filter>
    <Filter Include="ExEngine\gameObject">
      <UniqueIdentifier>{aef30b8a-c3cc-4972-803c-6631200c9fc3}</UniqueIdentifier>
    </Filter>
    <Filter Include="ExEngine\physics">
      <UniqueIdentifier>{581d318e-f71b-4225-b2b3-8f620e85ce3f}</UniqueIdentifier>
    </Filter>
    <Filter Include="MiniEngine">
      <UniqueIdentifier>{fef91bc0-f505-4f4d-95e2-584a54edcf4d}</UniqueIdentifier>
    </Filter>
    <Filter Include="MiniEngine\debug">
      <UniqueIdentifier>{961433ab-e402-4bdc-8463-0a2bd00ab60a}</UniqueIdentifier>
    </Filter>
    <Filter Include="MiniEngine\HID">
      <UniqueIdentifier>{04b6da53-9b47-475a-8361-d7936fac3733}</UniqueIdentifier>
    </Filter>
    <Filter Include="MiniEngine\math">
      <UniqueIdentifier>{6a585a5f-65e3-450b-bf73-a564174504c6}</UniqueIdentifier>
    </Filter>
    <Filter Include="MiniEngine\raytracing">
      <UniqueIdentifier>{c5f9cfc4-2de3-487a-bdb9-d12714cc52d8}</UniqueIdentifier>
    </Filter>
    <Filter Include="MiniEngine\tkFile">
      <UniqueIdentifier>{d1997db0-1e5a-4fe8-aee8-4bf9b621d561}</UniqueIdentifier>
    </Filter>
    <Filter Include="ソース ファイル">
      <UniqueIdentifier>{8f226dc0-089a-4532-8d10-36a4cd31a8cc}</UniqueIdentifier>
    </Filter>
    <Filter Include="ソース ファイル\system">
      <UniqueIdentifier>{1e51a40b-6d47-495e-a3e3-1833312a7bdc}</UniqueIdentifier>
    </Filter>
    <Filter Include="ヘッダー ファイル">
      <UniqueIdentifier>{ed2adce4-9dc6-47f9-9fc1-a10eeb44258f}</UniqueIdentifier>
    </Filter>
    <Filter Include="ヘッダー ファイル\system">
      <UniqueIdentifier>{f74f72a3-b2ba-47d5-973f-a89753661bec}</UniqueIdentifier>
    </Filter>
    <Filter Include="ソース ファイル\prefab">
      <UniqueIdentifier>{9037031b-4198-48a5-ac13-9a7914674e3b}</UniqueIdentifier>
    </Filter>
    <Filter Include="ヘッダー ファイル\prefab">
      <UniqueIdentifier>{fbcc8401-c261-42d8-be0c-fdd20d76c163}</UniqueIdentifier>
    </Filter>
  </ItemGroup>
</Project>